
Microsoft Visual Studio Solution File, Format Version 12.00
# Visual Studio Version 16
VisualStudioVersion = 16.0.30114.105
MinimumVisualStudioVersion = 10.0.40219.1
Project("{FAE04EC0-301F-11D3-BF4B-00C04F79EFBC}") = "Catch", "Catch\Catch.csproj", "{CA5D1EFA-5EA2-4A9C-9645-A32AD2BF3277}"
EndProject
Global
	GlobalSection(SolutionConfigurationPlatforms) = preSolution
		Debug|Any CPU = Debug|Any CPU
		Release|Any CPU = Release|Any CPU
	EndGlobalSection
	GlobalSection(ProjectConfigurationPlatforms) = postSolution
		{CA5D1EFA-5EA2-4A9C-9645-A32AD2BF3277}.Debug|Any CPU.ActiveCfg = Debug|Any CPU
		{CA5D1EFA-5EA2-4A9C-9645-A32AD2BF3277}.Debug|Any CPU.Build.0 = Debug|Any CPU
		{CA5D1EFA-5EA2-4A9C-9645-A32AD2BF3277}.Release|Any CPU.ActiveCfg = Release|Any CPU
		{CA5D1EFA-5EA2-4A9C-9645-A32AD2BF3277}.Release|Any CPU.Build.0 = Release|Any CPU
	EndGlobalSection
	GlobalSection(SolutionProperties) = preSolution
		HideSolutionNode = FALSE
	EndGlobalSection
	GlobalSection(ExtensibilityGlobals) = postSolution
		SolutionGuid = {3CEA673B-962A-41FB-97D4-714C16C4D8AA}
	EndGlobalSection
EndGlobal
